// !$*UTF8*$!
{
	archiveVersion = 1;
	classes = {
	};
	objectVersion = 55;
	objects = {

/* Begin PBXBuildFile section */
		CBA50C09273904BC00FC01A4 /* AppDelegate.swift in Sources */ = {isa = PBXBuildFile; fileRef = CBA50C08273904BC00FC01A4 /* AppDelegate.swift */; };
		CBA50C0B273904BC00FC01A4 /* SceneDelegate.swift in Sources */ = {isa = PBXBuildFile; fileRef = CBA50C0A273904BC00FC01A4 /* SceneDelegate.swift */; };
		CBA50C0D273904BC00FC01A4 /* ViewController.swift in Sources */ = {isa = PBXBuildFile; fileRef = CBA50C0C273904BC00FC01A4 /* ViewController.swift */; };
		CBA50C10273904BC00FC01A4 /* Main.storyboard in Resources */ = {isa = PBXBuildFile; fileRef = CBA50C0E273904BC00FC01A4 /* Main.storyboard */; };
		CBA50C12273904BF00FC01A4 /* Assets.xcassets in Resources */ = {isa = PBXBuildFile; fileRef = CBA50C11273904BF00FC01A4 /* Assets.xcassets */; };
		CBA50C15273904BF00FC01A4 /* LaunchScreen.storyboard in Resources */ = {isa = PBXBuildFile; fileRef = CBA50C13273904BF00FC01A4 /* LaunchScreen.storyboard */; };
		CBA50C1E2739069100FC01A4 /* Realm in Frameworks */ = {isa = PBXBuildFile; productRef = CBA50C1D2739069100FC01A4 /* Realm */; };
		CBA50C202739069100FC01A4 /* RealmSwift in Frameworks */ = {isa = PBXBuildFile; productRef = CBA50C1F2739069100FC01A4 /* RealmSwift */; };
		CBA50C252739077B00FC01A4 /* Search.storyboard in Resources */ = {isa = PBXBuildFile; fileRef = CBA50C242739077B00FC01A4 /* Search.storyboard */; };
		CBA50C272739079B00FC01A4 /* SearchTableViewController.swift in Sources */ = {isa = PBXBuildFile; fileRef = CBA50C262739079B00FC01A4 /* SearchTableViewController.swift */; };
		CBA50C29273907B100FC01A4 /* Detail.storyboard in Resources */ = {isa = PBXBuildFile; fileRef = CBA50C28273907B100FC01A4 /* Detail.storyboard */; };
		CBA50C2B273907BF00FC01A4 /* DetailViewController.swift in Sources */ = {isa = PBXBuildFile; fileRef = CBA50C2A273907BF00FC01A4 /* DetailViewController.swift */; };
		CBA50C2E27390C4D00FC01A4 /* RealmModel.swift in Sources */ = {isa = PBXBuildFile; fileRef = CBA50C2D27390C4D00FC01A4 /* RealmModel.swift */; };
		CBA50C3227390F2700FC01A4 /* MemoTableViewCell.swift in Sources */ = {isa = PBXBuildFile; fileRef = CBA50C3027390F2700FC01A4 /* MemoTableViewCell.swift */; };
		CBA50C3327390F2700FC01A4 /* MemoTableViewCell.xib in Resources */ = {isa = PBXBuildFile; fileRef = CBA50C3127390F2700FC01A4 /* MemoTableViewCell.xib */; };
		CBA50C362739377300FC01A4 /* UIViewController+Extension.swift in Sources */ = {isa = PBXBuildFile; fileRef = CBA50C352739377300FC01A4 /* UIViewController+Extension.swift */; };
/* End PBXBuildFile section */

/* Begin PBXFileReference section */
		CBA50C05273904BC00FC01A4 /* SeSAC_SimpleMemo.app */ = {isa = PBXFileReference; explicitFileType = wrapper.application; includeInIndex = 0; path = SeSAC_SimpleMemo.app; sourceTree = BUILT_PRODUCTS_DIR; };
		CBA50C08273904BC00FC01A4 /* AppDelegate.swift */ = {isa = PBXFileReference; lastKnownFileType = sourcecode.swift; path = AppDelegate.swift; sourceTree = "<group>"; };
		CBA50C0A273904BC00FC01A4 /* SceneDelegate.swift */ = {isa = PBXFileReference; lastKnownFileType = sourcecode.swift; path = SceneDelegate.swift; sourceTree = "<group>"; };
		CBA50C0C273904BC00FC01A4 /* ViewController.swift */ = {isa = PBXFileReference; lastKnownFileType = sourcecode.swift; path = ViewController.swift; sourceTree = "<group>"; };
		CBA50C0F273904BC00FC01A4 /* Base */ = {isa = PBXFileReference; lastKnownFileType = file.storyboard; name = Base; path = Base.lproj/Main.storyboard; sourceTree = "<group>"; };
		CBA50C11273904BF00FC01A4 /* Assets.xcassets */ = {isa = PBXFileReference; lastKnownFileType = folder.assetcatalog; path = Assets.xcassets; sourceTree = "<group>"; };
		CBA50C14273904BF00FC01A4 /* Base */ = {isa = PBXFileReference; lastKnownFileType = file.storyboard; name = Base; path = Base.lproj/LaunchScreen.storyboard; sourceTree = "<group>"; };
		CBA50C16273904BF00FC01A4 /* Info.plist */ = {isa = PBXFileReference; lastKnownFileType = text.plist.xml; path = Info.plist; sourceTree = "<group>"; };
		CBA50C242739077B00FC01A4 /* Search.storyboard */ = {isa = PBXFileReference; lastKnownFileType = file.storyboard; path = Search.storyboard; sourceTree = "<group>"; };
		CBA50C262739079B00FC01A4 /* SearchTableViewController.swift */ = {isa = PBXFileReference; lastKnownFileType = sourcecode.swift; path = SearchTableViewController.swift; sourceTree = "<group>"; };
		CBA50C28273907B100FC01A4 /* Detail.storyboard */ = {isa = PBXFileReference; lastKnownFileType = file.storyboard; path = Detail.storyboard; sourceTree = "<group>"; };
		CBA50C2A273907BF00FC01A4 /* DetailViewController.swift */ = {isa = PBXFileReference; lastKnownFileType = sourcecode.swift; path = DetailViewController.swift; sourceTree = "<group>"; };
		CBA50C2D27390C4D00FC01A4 /* RealmModel.swift */ = {isa = PBXFileReference; lastKnownFileType = sourcecode.swift; path = RealmModel.swift; sourceTree = "<group>"; };
		CBA50C3027390F2700FC01A4 /* MemoTableViewCell.swift */ = {isa = PBXFileReference; lastKnownFileType = sourcecode.swift; path = MemoTableViewCell.swift; sourceTree = "<group>"; };
		CBA50C3127390F2700FC01A4 /* MemoTableViewCell.xib */ = {isa = PBXFileReference; lastKnownFileType = file.xib; path = MemoTableViewCell.xib; sourceTree = "<group>"; };
		CBA50C352739377300FC01A4 /* UIViewController+Extension.swift */ = {isa = PBXFileReference; lastKnownFileType = sourcecode.swift; path = "UIViewController+Extension.swift"; sourceTree = "<group>"; };
/* End PBXFileReference section */

/* Begin PBXFrameworksBuildPhase section */
		CBA50C02273904BC00FC01A4 /* Frameworks */ = {
			isa = PBXFrameworksBuildPhase;
			buildActionMask = 2147483647;
			files = (
				CBA50C202739069100FC01A4 /* RealmSwift in Frameworks */,
				CBA50C1E2739069100FC01A4 /* Realm in Frameworks */,
			);
			runOnlyForDeploymentPostprocessing = 0;
		};
/* End PBXFrameworksBuildPhase section */

/* Begin PBXGroup section */
		CBA50BFC273904BC00FC01A4 = {
			isa = PBXGroup;
			children = (
				CBA50C07273904BC00FC01A4 /* SeSAC_SimpleMemo */,
				CBA50C06273904BC00FC01A4 /* Products */,
			);
			sourceTree = "<group>";
		};
		CBA50C06273904BC00FC01A4 /* Products */ = {
			isa = PBXGroup;
			children = (
				CBA50C05273904BC00FC01A4 /* SeSAC_SimpleMemo.app */,
			);
			name = Products;
			sourceTree = "<group>";
		};
		CBA50C07273904BC00FC01A4 /* SeSAC_SimpleMemo */ = {
			isa = PBXGroup;
			children = (
				CBA50C342739376800FC01A4 /* Extension */,
				CBA50C2F27390F1900FC01A4 /* Cell */,
				CBA50C2C273909CC00FC01A4 /* Realm */,
				CBA50C23273906B400FC01A4 /* Model */,
				CBA50C22273906AD00FC01A4 /* ViewController */,
				CBA50C21273906A800FC01A4 /* View */,
				CBA50C08273904BC00FC01A4 /* AppDelegate.swift */,
				CBA50C0A273904BC00FC01A4 /* SceneDelegate.swift */,
				CBA50C11273904BF00FC01A4 /* Assets.xcassets */,
				CBA50C13273904BF00FC01A4 /* LaunchScreen.storyboard */,
				CBA50C16273904BF00FC01A4 /* Info.plist */,
			);
			path = SeSAC_SimpleMemo;
			sourceTree = "<group>";
		};
		CBA50C21273906A800FC01A4 /* View */ = {
			isa = PBXGroup;
			children = (
				CBA50C0E273904BC00FC01A4 /* Main.storyboard */,
				CBA50C242739077B00FC01A4 /* Search.storyboard */,
				CBA50C28273907B100FC01A4 /* Detail.storyboard */,
			);
			path = View;
			sourceTree = "<group>";
		};
		CBA50C22273906AD00FC01A4 /* ViewController */ = {
			isa = PBXGroup;
			children = (
				CBA50C0C273904BC00FC01A4 /* ViewController.swift */,
				CBA50C262739079B00FC01A4 /* SearchTableViewController.swift */,
				CBA50C2A273907BF00FC01A4 /* DetailViewController.swift */,
			);
			path = ViewController;
			sourceTree = "<group>";
		};
		CBA50C23273906B400FC01A4 /* Model */ = {
			isa = PBXGroup;
			children = (
			);
			path = Model;
			sourceTree = "<group>";
		};
		CBA50C2C273909CC00FC01A4 /* Realm */ = {
			isa = PBXGroup;
			children = (
				CBA50C2D27390C4D00FC01A4 /* RealmModel.swift */,
			);
			path = Realm;
			sourceTree = "<group>";
		};
		CBA50C2F27390F1900FC01A4 /* Cell */ = {
			isa = PBXGroup;
			children = (
				CBA50C3027390F2700FC01A4 /* MemoTableViewCell.swift */,
				CBA50C3127390F2700FC01A4 /* MemoTableViewCell.xib */,
			);
			path = Cell;
			sourceTree = "<group>";
		};
		CBA50C342739376800FC01A4 /* Extension */ = {
			isa = PBXGroup;
			children = (
				CBA50C352739377300FC01A4 /* UIViewController+Extension.swift */,
			);
			path = Extension;
			sourceTree = "<group>";
		};
/* End PBXGroup section */

/* Begin PBXNativeTarget section */
		CBA50C04273904BC00FC01A4 /* SeSAC_SimpleMemo */ = {
			isa = PBXNativeTarget;
			buildConfigurationList = CBA50C19273904BF00FC01A4 /* Build configuration list for PBXNativeTarget "SeSAC_SimpleMemo" */;
			buildPhases = (
				CBA50C01273904BC00FC01A4 /* Sources */,
				CBA50C02273904BC00FC01A4 /* Frameworks */,
				CBA50C03273904BC00FC01A4 /* Resources */,
			);
			buildRules = (
			);
			dependencies = (
			);
			name = SeSAC_SimpleMemo;
			packageProductDependencies = (
				CBA50C1D2739069100FC01A4 /* Realm */,
				CBA50C1F2739069100FC01A4 /* RealmSwift */,
			);
			productName = SeSAC_SimpleMemo;
			productReference = CBA50C05273904BC00FC01A4 /* SeSAC_SimpleMemo.app */;
			productType = "com.apple.product-type.application";
		};
/* End PBXNativeTarget section */

/* Begin PBXProject section */
		CBA50BFD273904BC00FC01A4 /* Project object */ = {
			isa = PBXProject;
			attributes = {
				BuildIndependentTargetsInParallel = 1;
				LastSwiftUpdateCheck = 1300;
				LastUpgradeCheck = 1300;
				TargetAttributes = {
					CBA50C04273904BC00FC01A4 = {
						CreatedOnToolsVersion = 13.0;
					};
				};
			};
			buildConfigurationList = CBA50C00273904BC00FC01A4 /* Build configuration list for PBXProject "SeSAC_SimpleMemo" */;
			compatibilityVersion = "Xcode 13.0";
			developmentRegion = en;
			hasScannedForEncodings = 0;
			knownRegions = (
				en,
				Base,
			);
			mainGroup = CBA50BFC273904BC00FC01A4;
			packageReferences = (
				CBA50C1C2739069100FC01A4 /* XCRemoteSwiftPackageReference "realm-cocoa" */,
			);
			productRefGroup = CBA50C06273904BC00FC01A4 /* Products */;
			projectDirPath = "";
			projectRoot = "";
			targets = (
				CBA50C04273904BC00FC01A4 /* SeSAC_SimpleMemo */,
			);
		};
/* End PBXProject section */

/* Begin PBXResourcesBuildPhase section */
		CBA50C03273904BC00FC01A4 /* Resources */ = {
			isa = PBXResourcesBuildPhase;
			buildActionMask = 2147483647;
			files = (
				CBA50C15273904BF00FC01A4 /* LaunchScreen.storyboard in Resources */,
				CBA50C12273904BF00FC01A4 /* Assets.xcassets in Resources */,
				CBA50C252739077B00FC01A4 /* Search.storyboard in Resources */,
				CBA50C3327390F2700FC01A4 /* MemoTableViewCell.xib in Resources */,
				CBA50C29273907B100FC01A4 /* Detail.storyboard in Resources */,
				CBA50C10273904BC00FC01A4 /* Main.storyboard in Resources */,
			);
			runOnlyForDeploymentPostprocessing = 0;
		};
/* End PBXResourcesBuildPhase section */

/* Begin PBXSourcesBuildPhase section */
		CBA50C01273904BC00FC01A4 /* Sources */ = {
			isa = PBXSourcesBuildPhase;
			buildActionMask = 2147483647;
			files = (
				CBA50C0D273904BC00FC01A4 /* ViewController.swift in Sources */,
				CBA50C2E27390C4D00FC01A4 /* RealmModel.swift in Sources */,
				CBA50C362739377300FC01A4 /* UIViewController+Extension.swift in Sources */,
				CBA50C09273904BC00FC01A4 /* AppDelegate.swift in Sources */,
				CBA50C3227390F2700FC01A4 /* MemoTableViewCell.swift in Sources */,
				CBA50C2B273907BF00FC01A4 /* DetailViewController.swift in Sources */,
				CBA50C0B273904BC00FC01A4 /* SceneDelegate.swift in Sources */,
				CBA50C272739079B00FC01A4 /* SearchTableViewController.swift in Sources */,
			);
			runOnlyForDeploymentPostprocessing = 0;
		};
/* End PBXSourcesBuildPhase section */

/* Begin PBXVariantGroup section */
		CBA50C0E273904BC00FC01A4 /* Main.storyboard */ = {
			isa = PBXVariantGroup;
			children = (
				CBA50C0F273904BC00FC01A4 /* Base */,
			);
			name = Main.storyboard;
			sourceTree = "<group>";
		};
		CBA50C13273904BF00FC01A4 /* LaunchScreen.storyboard */ = {
			isa = PBXVariantGroup;
			children = (
				CBA50C14273904BF00FC01A4 /* Base */,
			);
			name = LaunchScreen.storyboard;
			sourceTree = "<group>";
		};
/* End PBXVariantGroup section */

/* Begin XCBuildConfiguration section */
		CBA50C17273904BF00FC01A4 /* Debug */ = {
			isa = XCBuildConfiguration;
			buildSettings = {
				ALWAYS_SEARCH_USER_PATHS = NO;
				CLANG_ANALYZER_NONNULL = YES;
				CLANG_ANALYZER_NUMBER_OBJECT_CONVERSION = YES_AGGRESSIVE;
				CLANG_CXX_LANGUAGE_STANDARD = "gnu++17";
				CLANG_CXX_LIBRARY = "libc++";
				CLANG_ENABLE_MODULES = YES;
				CLANG_ENABLE_OBJC_ARC = YES;
				CLANG_ENABLE_OBJC_WEAK = YES;
				CLANG_WARN_BLOCK_CAPTURE_AUTORELEASING = YES;
				CLANG_WARN_BOOL_CONVERSION = YES;
				CLANG_WARN_COMMA = YES;
				CLANG_WARN_CONSTANT_CONVERSION = YES;
				CLANG_WARN_DEPRECATED_OBJC_IMPLEMENTATIONS = YES;
				CLANG_WARN_DIRECT_OBJC_ISA_USAGE = YES_ERROR;
				CLANG_WARN_DOCUMENTATION_COMMENTS = YES;
				CLANG_WARN_EMPTY_BODY = YES;
				CLANG_WARN_ENUM_CONVERSION = YES;
				CLANG_WARN_INFINITE_RECURSION = YES;
				CLANG_WARN_INT_CONVERSION = YES;
				CLANG_WARN_NON_LITERAL_NULL_CONVERSION = YES;
				CLANG_WARN_OBJC_IMPLICIT_RETAIN_SELF = YES;
				CLANG_WARN_OBJC_LITERAL_CONVERSION = YES;
				CLANG_WARN_OBJC_ROOT_CLASS = YES_ERROR;
				CLANG_WARN_QUOTED_INCLUDE_IN_FRAMEWORK_HEADER = YES;
				CLANG_WARN_RANGE_LOOP_ANALYSIS = YES;
				CLANG_WARN_STRICT_PROTOTYPES = YES;
				CLANG_WARN_SUSPICIOUS_MOVE = YES;
				CLANG_WARN_UNGUARDED_AVAILABILITY = YES_AGGRESSIVE;
				CLANG_WARN_UNREACHABLE_CODE = YES;
				CLANG_WARN__DUPLICATE_METHOD_MATCH = YES;
				COPY_PHASE_STRIP = NO;
				DEBUG_INFORMATION_FORMAT = dwarf;
				ENABLE_STRICT_OBJC_MSGSEND = YES;
				ENABLE_TESTABILITY = YES;
				GCC_C_LANGUAGE_STANDARD = gnu11;
				GCC_DYNAMIC_NO_PIC = NO;
				GCC_NO_COMMON_BLOCKS = YES;
				GCC_OPTIMIZATION_LEVEL = 0;
				GCC_PREPROCESSOR_DEFINITIONS = (
					"DEBUG=1",
					"$(inherited)",
				);
				GCC_WARN_64_TO_32_BIT_CONVERSION = YES;
				GCC_WARN_ABOUT_RETURN_TYPE = YES_ERROR;
				GCC_WARN_UNDECLARED_SELECTOR = YES;
				GCC_WARN_UNINITIALIZED_AUTOS = YES_AGGRESSIVE;
				GCC_WARN_UNUSED_FUNCTION = YES;
				GCC_WARN_UNUSED_VARIABLE = YES;
				IPHONEOS_DEPLOYMENT_TARGET = 15.0;
				MTL_ENABLE_DEBUG_INFO = INCLUDE_SOURCE;
				MTL_FAST_MATH = YES;
				ONLY_ACTIVE_ARCH = YES;
				SDKROOT = iphoneos;
				SWIFT_ACTIVE_COMPILATION_CONDITIONS = DEBUG;
				SWIFT_OPTIMIZATION_LEVEL = "-Onone";
			};
			name = Debug;
		};
		CBA50C18273904BF00FC01A4 /* Release */ = {
			isa = XCBuildConfiguration;
			buildSettings = {
				ALWAYS_SEARCH_USER_PATHS = NO;
				CLANG_ANALYZER_NONNULL = YES;
				CLANG_ANALYZER_NUMBER_OBJECT_CONVERSION = YES_AGGRESSIVE;
				CLANG_CXX_LANGUAGE_STANDARD = "gnu++17";
				CLANG_CXX_LIBRARY = "libc++";
				CLANG_ENABLE_MODULES = YES;
				CLANG_ENABLE_OBJC_ARC = YES;
				CLANG_ENABLE_OBJC_WEAK = YES;
				CLANG_WARN_BLOCK_CAPTURE_AUTORELEASING = YES;
				CLANG_WARN_BOOL_CONVERSION = YES;
				CLANG_WARN_COMMA = YES;
				CLANG_WARN_CONSTANT_CONVERSION = YES;
				CLANG_WARN_DEPRECATED_OBJC_IMPLEMENTATIONS = YES;
				CLANG_WARN_DIRECT_OBJC_ISA_USAGE = YES_ERROR;
				CLANG_WARN_DOCUMENTATION_COMMENTS = YES;
				CLANG_WARN_EMPTY_BODY = YES;
				CLANG_WARN_ENUM_CONVERSION = YES;
				CLANG_WARN_INFINITE_RECURSION = YES;
				CLANG_WARN_INT_CONVERSION = YES;
				CLANG_WARN_NON_LITERAL_NULL_CONVERSION = YES;
				CLANG_WARN_OBJC_IMPLICIT_RETAIN_SELF = YES;
				CLANG_WARN_OBJC_LITERAL_CONVERSION = YES;
				CLANG_WARN_OBJC_ROOT_CLASS = YES_ERROR;
				CLANG_WARN_QUOTED_INCLUDE_IN_FRAMEWORK_HEADER = YES;
				CLANG_WARN_RANGE_LOOP_ANALYSIS = YES;
				CLANG_WARN_STRICT_PROTOTYPES = YES;
				CLANG_WARN_SUSPICIOUS_MOVE = YES;
				CLANG_WARN_UNGUARDED_AVAILABILITY = YES_AGGRESSIVE;
				CLANG_WARN_UNREACHABLE_CODE = YES;
				CLANG_WARN__DUPLICATE_METHOD_MATCH = YES;
				COPY_PHASE_STRIP = NO;
				DEBUG_INFORMATION_FORMAT = "dwarf-with-dsym";
				ENABLE_NS_ASSERTIONS = NO;
				ENABLE_STRICT_OBJC_MSGSEND = YES;
				GCC_C_LANGUAGE_STANDARD = gnu11;
				GCC_NO_COMMON_BLOCKS = YES;
				GCC_WARN_64_TO_32_BIT_CONVERSION = YES;
				GCC_WARN_ABOUT_RETURN_TYPE = YES_ERROR;
				GCC_WARN_UNDECLARED_SELECTOR = YES;
				GCC_WARN_UNINITIALIZED_AUTOS = YES_AGGRESSIVE;
				GCC_WARN_UNUSED_FUNCTION = YES;
				GCC_WARN_UNUSED_VARIABLE = YES;
				IPHONEOS_DEPLOYMENT_TARGET = 15.0;
				MTL_ENABLE_DEBUG_INFO = NO;
				MTL_FAST_MATH = YES;
				SDKROOT = iphoneos;
				SWIFT_COMPILATION_MODE = wholemodule;
				SWIFT_OPTIMIZATION_LEVEL = "-O";
				VALIDATE_PRODUCT = YES;
			};
			name = Release;
		};
		CBA50C1A273904BF00FC01A4 /* Debug */ = {
			isa = XCBuildConfiguration;
			buildSettings = {
				ASSETCATALOG_COMPILER_APPICON_NAME = AppIcon;
				ASSETCATALOG_COMPILER_GLOBAL_ACCENT_COLOR_NAME = AccentColor;
				CODE_SIGN_STYLE = Automatic;
				CURRENT_PROJECT_VERSION = 1;
				DEVELOPMENT_TEAM = MYR6MP3VKX;
				GENERATE_INFOPLIST_FILE = YES;
				INFOPLIST_FILE = SeSAC_SimpleMemo/Info.plist;
				INFOPLIST_KEY_UIApplicationSupportsIndirectInputEvents = YES;
				INFOPLIST_KEY_UILaunchStoryboardName = LaunchScreen;
				INFOPLIST_KEY_UIMainStoryboardFile = Main;
				INFOPLIST_KEY_UISupportedInterfaceOrientations_iPad = "UIInterfaceOrientationPortrait UIInterfaceOrientationPortraitUpsideDown UIInterfaceOrientationLandscapeLeft UIInterfaceOrientationLandscapeRight";
				INFOPLIST_KEY_UISupportedInterfaceOrientations_iPhone = "UIInterfaceOrientationPortrait UIInterfaceOrientationLandscapeLeft UIInterfaceOrientationLandscapeRight";
				IPHONEOS_DEPLOYMENT_TARGET = 13.0;
				LD_RUNPATH_SEARCH_PATHS = (
					"$(inherited)",
					"@executable_path/Frameworks",
				);
				MARKETING_VERSION = 1.0;
				PRODUCT_BUNDLE_IDENTIFIER = "com.linda.SeSAC-SimpleMemo";
				PRODUCT_NAME = "$(TARGET_NAME)";
				SWIFT_EMIT_LOC_STRINGS = YES;
				SWIFT_VERSION = 5.0;
				TARGETED_DEVICE_FAMILY = 1;
			};
			name = Debug;
		};
		CBA50C1B273904BF00FC01A4 /* Release */ = {
			isa = XCBuildConfiguration;
			buildSettings = {
				ASSETCATALOG_COMPILER_APPICON_NAME = AppIcon;
				ASSETCATALOG_COMPILER_GLOBAL_ACCENT_COLOR_NAME = AccentColor;
				CODE_SIGN_STYLE = Automatic;
				CURRENT_PROJECT_VERSION = 1;
				DEVELOPMENT_TEAM = MYR6MP3VKX;
				GENERATE_INFOPLIST_FILE = YES;
				INFOPLIST_FILE = SeSAC_SimpleMemo/Info.plist;
				INFOPLIST_KEY_UIApplicationSupportsIndirectInputEvents = YES;
				INFOPLIST_KEY_UILaunchStoryboardName = LaunchScreen;
				INFOPLIST_KEY_UIMainStoryboardFile = Main;
				INFOPLIST_KEY_UISupportedInterfaceOrientations_iPad = "UIInterfaceOrientationPortrait UIInterfaceOrientationPortraitUpsideDown UIInterfaceOrientationLandscapeLeft UIInterfaceOrientationLandscapeRight";
				INFOPLIST_KEY_UISupportedInterfaceOrientations_iPhone = "UIInterfaceOrientationPortrait UIInterfaceOrientationLandscapeLeft UIInterfaceOrientationLandscapeRight";
				IPHONEOS_DEPLOYMENT_TARGET = 13.0;
				LD_RUNPATH_SEARCH_PATHS = (
					"$(inherited)",
					"@executable_path/Frameworks",
				);
				MARKETING_VERSION = 1.0;
				PRODUCT_BUNDLE_IDENTIFIER = "com.linda.SeSAC-SimpleMemo";
				PRODUCT_NAME = "$(TARGET_NAME)";
				SWIFT_EMIT_LOC_STRINGS = YES;
				SWIFT_VERSION = 5.0;
				TARGETED_DEVICE_FAMILY = 1;
			};
			name = Release;
		};
/* End XCBuildConfiguration section */

/* Begin XCConfigurationList section */
		CBA50C00273904BC00FC01A4 /* Build configuration list for PBXProject "SeSAC_SimpleMemo" */ = {
			isa = XCConfigurationList;
			buildConfigurations = (
				CBA50C17273904BF00FC01A4 /* Debug */,
				CBA50C18273904BF00FC01A4 /* Release */,
			);
			defaultConfigurationIsVisible = 0;
			defaultConfigurationName = Release;
		};
		CBA50C19273904BF00FC01A4 /* Build configuration list for PBXNativeTarget "SeSAC_SimpleMemo" */ = {
			isa = XCConfigurationList;
			buildConfigurations = (
				CBA50C1A273904BF00FC01A4 /* Debug */,
				CBA50C1B273904BF00FC01A4 /* Release */,
			);
			defaultConfigurationIsVisible = 0;
			defaultConfigurationName = Release;
		};
/* End XCConfigurationList section */

/* Begin XCRemoteSwiftPackageReference section */
		CBA50C1C2739069100FC01A4 /* XCRemoteSwiftPackageReference "realm-cocoa" */ = {
			isa = XCRemoteSwiftPackageReference;
			repositoryURL = "https://github.com/realm/realm-cocoa.git";
			requirement = {
				kind = exactVersion;
				version = 10.19.0;
			};
		};
/* End XCRemoteSwiftPackageReference section */

/* Begin XCSwiftPackageProductDependency section */
		CBA50C1D2739069100FC01A4 /* Realm */ = {
			isa = XCSwiftPackageProductDependency;
			package = CBA50C1C2739069100FC01A4 /* XCRemoteSwiftPackageReference "realm-cocoa" */;
			productName = Realm;
		};
		CBA50C1F2739069100FC01A4 /* RealmSwift */ = {
			isa = XCSwiftPackageProductDependency;
			package = CBA50C1C2739069100FC01A4 /* XCRemoteSwiftPackageReference "realm-cocoa" */;
			productName = RealmSwift;
		};
/* End XCSwiftPackageProductDependency section */
	};
	rootObject = CBA50BFD273904BC00FC01A4 /* Project object */;
}
